
Microsoft Visual Studio Solution File, Format Version 12.00
# Visual Studio Version 16
VisualStudioVersion = 16.0.31005.135
MinimumVisualStudioVersion = 10.0.40219.1
Project("{9A19103F-16F7-4668-BE54-9A1E7A4F7556}") = "FSQA", "FSQA\FSQA.csproj", "{B801A6F9-7BA6-49A2-A68A-AC29363370C3}"
EndProject
Project("{FAE04EC0-301F-11D3-BF4B-00C04F79EFBC}") = "FSQA.DataAccess", "FSQA.DataAccess\FSQA.DataAccess.csproj", "{D7D6A0AF-EBCB-4661-8713-38BBCAB19375}"
EndProject
Project("{FAE04EC0-301F-11D3-BF4B-00C04F79EFBC}") = "FSQA.Models", "FSQA.Models\FSQA.Models.csproj", "{19C8F187-F511-44B9-98C1-7679D76A6945}"
EndProject
Project("{FAE04EC0-301F-11D3-BF4B-00C04F79EFBC}") = "FSQA.Utility", "FSQA.Utility\FSQA.Utility.csproj", "{CCD8BD86-7EC5-4610-886C-4401DB4C7BA4}"
EndProject
Global
	GlobalSection(SolutionConfigurationPlatforms) = preSolution
		Debug|Any CPU = Debug|Any CPU
		Release|Any CPU = Release|Any CPU
	EndGlobalSection
	GlobalSection(ProjectConfigurationPlatforms) = postSolution
		{B801A6F9-7BA6-49A2-A68A-AC29363370C3}.Debug|Any CPU.ActiveCfg = Debug|Any CPU
		{B801A6F9-7BA6-49A2-A68A-AC29363370C3}.Debug|Any CPU.Build.0 = Debug|Any CPU
		{B801A6F9-7BA6-49A2-A68A-AC29363370C3}.Release|Any CPU.ActiveCfg = Release|Any CPU
		{B801A6F9-7BA6-49A2-A68A-AC29363370C3}.Release|Any CPU.Build.0 = Release|Any CPU
		{D7D6A0AF-EBCB-4661-8713-38BBCAB19375}.Debug|Any CPU.ActiveCfg = Debug|Any CPU
		{D7D6A0AF-EBCB-4661-8713-38BBCAB19375}.Debug|Any CPU.Build.0 = Debug|Any CPU
		{D7D6A0AF-EBCB-4661-8713-38BBCAB19375}.Release|Any CPU.ActiveCfg = Release|Any CPU
		{D7D6A0AF-EBCB-4661-8713-38BBCAB19375}.Release|Any CPU.Build.0 = Release|Any CPU
		{19C8F187-F511-44B9-98C1-7679D76A6945}.Debug|Any CPU.ActiveCfg = Debug|Any CPU
		{19C8F187-F511-44B9-98C1-7679D76A6945}.Debug|Any CPU.Build.0 = Debug|Any CPU
		{19C8F187-F511-44B9-98C1-7679D76A6945}.Release|Any CPU.ActiveCfg = Release|Any CPU
		{19C8F187-F511-44B9-98C1-7679D76A6945}.Release|Any CPU.Build.0 = Release|Any CPU
		{CCD8BD86-7EC5-4610-886C-4401DB4C7BA4}.Debug|Any CPU.ActiveCfg = Debug|Any CPU
		{CCD8BD86-7EC5-4610-886C-4401DB4C7BA4}.Debug|Any CPU.Build.0 = Debug|Any CPU
		{CCD8BD86-7EC5-4610-886C-4401DB4C7BA4}.Release|Any CPU.ActiveCfg = Release|Any CPU
		{CCD8BD86-7EC5-4610-886C-4401DB4C7BA4}.Release|Any CPU.Build.0 = Release|Any CPU
	EndGlobalSection
	GlobalSection(SolutionProperties) = preSolution
		HideSolutionNode = FALSE
	EndGlobalSection
	GlobalSection(ExtensibilityGlobals) = postSolution
		SolutionGuid = {9143ADD3-0525-4BE4-8772-6B6E130B2766}
	EndGlobalSection
EndGlobal
